
Microsoft Visual Studio Solution File, Format Version 12.00
# Visual Studio Version 16
VisualStudioVersion = 16.0.28729.10
MinimumVisualStudioVersion = 10.0.40219.1
Project("{FAE04EC0-301F-11D3-BF4B-00C04F79EFBC}") = "FormatPendingChanges", "FormatPendingChanges\FormatPendingChanges.csproj", "{1582B877-D8DC-4130-8E9B-1A0C4408391C}"
EndProject
Global
	GlobalSection(SolutionConfigurationPlatforms) = preSolution
		Debug|Any CPU = Debug|Any CPU
		Release|Any CPU = Release|Any CPU
	EndGlobalSection
	GlobalSection(ProjectConfigurationPlatforms) = postSolution
		{1582B877-D8DC-4130-8E9B-1A0C4408391C}.Debug|Any CPU.ActiveCfg = Debug|Any CPU
		{1582B877-D8DC-4130-8E9B-1A0C4408391C}.Debug|Any CPU.Build.0 = Debug|Any CPU
		{1582B877-D8DC-4130-8E9B-1A0C4408391C}.Release|Any CPU.ActiveCfg = Release|Any CPU
		{1582B877-D8DC-4130-8E9B-1A0C4408391C}.Release|Any CPU.Build.0 = Release|Any CPU
	EndGlobalSection
	GlobalSection(SolutionProperties) = preSolution
		HideSolutionNode = FALSE
	EndGlobalSection
	GlobalSection(ExtensibilityGlobals) = postSolution
		SolutionGuid = {8FCF32AE-2932-473E-9780-5F063BD7C6C4}
	EndGlobalSection
EndGlobal
